
Microsoft Visual Studio Solution File, Format Version 12.00
# Visual Studio Version 17
VisualStudioVersion = 17.7.34003.232
MinimumVisualStudioVersion = 10.0.40219.1
Project("{FAE04EC0-301F-11D3-BF4B-00C04F79EFBC}") = "farmacia", "farmacia.csproj", "{B8217AED-9BD1-4B42-96E0-91D4561C6224}"
EndProject
Global
	GlobalSection(SolutionConfigurationPlatforms) = preSolution
		Debug|Any CPU = Debug|Any CPU
		Release|Any CPU = Release|Any CPU
	EndGlobalSection
	GlobalSection(ProjectConfigurationPlatforms) = postSolution
		{B8217AED-9BD1-4B42-96E0-91D4561C6224}.Debug|Any CPU.ActiveCfg = Debug|Any CPU
		{B8217AED-9BD1-4B42-96E0-91D4561C6224}.Debug|Any CPU.Build.0 = Debug|Any CPU
		{B8217AED-9BD1-4B42-96E0-91D4561C6224}.Release|Any CPU.ActiveCfg = Release|Any CPU
		{B8217AED-9BD1-4B42-96E0-91D4561C6224}.Release|Any CPU.Build.0 = Release|Any CPU
	EndGlobalSection
	GlobalSection(SolutionProperties) = preSolution
		HideSolutionNode = FALSE
	EndGlobalSection
	GlobalSection(ExtensibilityGlobals) = postSolution
		SolutionGuid = {9FF220A7-902A-4636-BFD9-2B268E40D509}
	EndGlobalSection
EndGlobal
